# This file is automatically @generated by Cargo.
# It is not intended for manual editing.
version = 3

[[package]]
name = "ansi_term"
version = "0.11.0"
source = "registry+https://github.com/rust-lang/crates.io-index"
checksum = "ee49baf6cb617b853aa8d93bf420db2383fab46d314482ca2803b40d5fde979b"
dependencies = [
 "winapi",
]

[[package]]
name = "arrayref"
version = "0.3.5"
source = "registry+https://github.com/rust-lang/crates.io-index"
checksum = "0d382e583f07208808f6b1249e60848879ba3543f57c32277bf52d69c2f0f0ee"

[[package]]
name = "arrayvec"
version = "0.5.1"
source = "registry+https://github.com/rust-lang/crates.io-index"
checksum = "cff77d8686867eceff3105329d4698d96c2391c176d5d03adc90c7389162b5b8"

[[package]]
name = "atspi"
version = "0.1.0"
source = "git+https://github.com/luukvanderduim/atspi#a20d5b440d3838e28c0a3972ed5a11092b75ce0d"
dependencies = [
 "atspi-sys",
 "bitflags",
 "glib",
 "glib-sys",
 "gobject-sys",
 "libc",
]

[[package]]
name = "atspi-sys"
version = "0.0.1"
source = "git+https://github.com/luukvanderduim/atspi-sys#1476fa051d35d48f351ba03dbfba818959872da6"
dependencies = [
 "gio-sys",
 "glib-sys",
 "gobject-sys",
 "libc",
 "pkg-config",
]

[[package]]
name = "atty"
version = "0.2.13"
source = "registry+https://github.com/rust-lang/crates.io-index"
checksum = "1803c647a3ec87095e7ae7acfca019e98de5ec9a7d01343f611cf3152ed71a90"
dependencies = [
 "libc",
 "winapi",
]

[[package]]
name = "autocfg"
version = "0.1.7"
source = "registry+https://github.com/rust-lang/crates.io-index"
checksum = "1d49d90015b3c36167a20fe2810c5cd875ad504b39cff3d4eae7977e6b7c1cb2"

[[package]]
name = "autocfg"
version = "1.0.0"
source = "registry+https://github.com/rust-lang/crates.io-index"
checksum = "f8aac770f1885fd7e387acedd76065302551364496e46b3dd00860b2f8359b9d"

[[package]]
name = "backtrace"
version = "0.3.40"
source = "registry+https://github.com/rust-lang/crates.io-index"
checksum = "924c76597f0d9ca25d762c25a4d369d51267536465dc5064bdf0eb073ed477ea"
dependencies = [
 "backtrace-sys",
 "cfg-if",
 "libc",
 "rustc-demangle",
]

[[package]]
name = "backtrace-sys"
version = "0.1.32"
source = "registry+https://github.com/rust-lang/crates.io-index"
checksum = "5d6575f128516de27e3ce99689419835fce9643a9b215a14d2b5b685be018491"
dependencies = [
 "cc",
 "libc",
]

[[package]]
name = "base64"
version = "0.10.1"
source = "registry+https://github.com/rust-lang/crates.io-index"
checksum = "0b25d992356d2eb0ed82172f5248873db5560c4721f564b13cb5193bda5e668e"
dependencies = [
 "byteorder",
]

[[package]]
name = "bitflags"
version = "1.2.1"
source = "registry+https://github.com/rust-lang/crates.io-index"
checksum = "cf1de2fe8c75bc145a2f577add951f8134889b4795d47466a54a5c846d691693"

[[package]]
name = "blake2b_simd"
version = "0.5.9"
source = "registry+https://github.com/rust-lang/crates.io-index"
checksum = "b83b7baab1e671718d78204225800d6b170e648188ac7dc992e9d6bddf87d0c0"
dependencies = [
 "arrayref",
 "arrayvec",
 "constant_time_eq",
]

[[package]]
name = "block"
version = "0.1.6"
source = "registry+https://github.com/rust-lang/crates.io-index"
checksum = "0d8c1fef690941d3e7788d328517591fecc684c084084702d6ff1641e993699a"

[[package]]
name = "boxfnonce"
version = "0.1.1"
source = "registry+https://github.com/rust-lang/crates.io-index"
checksum = "5988cb1d626264ac94100be357308f29ff7cbdd3b36bda27f450a4ee3f713426"

[[package]]
name = "byteorder"
version = "1.3.2"
source = "registry+https://github.com/rust-lang/crates.io-index"
checksum = "a7c3dd8985a7111efc5c80b44e23ecdd8c007de8ade3b96595387e812b957cf5"

[[package]]
name = "c2-chacha"
version = "0.2.3"
source = "registry+https://github.com/rust-lang/crates.io-index"
checksum = "214238caa1bf3a496ec3392968969cab8549f96ff30652c9e56885329315f6bb"
dependencies = [
 "ppv-lite86",
]

[[package]]
name = "cc"
version = "1.0.47"
source = "registry+https://github.com/rust-lang/crates.io-index"
checksum = "aa87058dce70a3ff5621797f1506cb837edd02ac4c0ae642b4542dce802908b8"

[[package]]
name = "cfg-if"
version = "0.1.10"
source = "registry+https://github.com/rust-lang/crates.io-index"
checksum = "4785bdd1c96b2a846b2bd7cc02e86b6b3dbf14e7e53446c4f54c92a361040822"

[[package]]
name = "chrono"
version = "0.4.9"
source = "registry+https://github.com/rust-lang/crates.io-index"
checksum = "e8493056968583b0193c1bb04d6f7684586f3726992d6c573261941a895dbd68"
dependencies = [
 "libc",
 "num-integer",
 "num-traits",
 "time",
]

[[package]]
name = "clap"
version = "2.33.0"
source = "registry+https://github.com/rust-lang/crates.io-index"
checksum = "5067f5bb2d80ef5d68b4c87db81601f0b75bca627bc2ef76b141d7b846a3c6d9"
dependencies = [
 "ansi_term",
 "atty",
 "bitflags",
 "strsim",
 "textwrap",
 "unicode-width",
 "vec_map",
]

[[package]]
name = "cloudabi"
version = "0.0.3"
source = "registry+https://github.com/rust-lang/crates.io-index"
checksum = "ddfc5b9aa5d4507acaf872de71051dfd0e309860e88966e1051e462a077aac4f"
dependencies = [
 "bitflags",
]

[[package]]
name = "colored"
version = "1.9.0"
source = "registry+https://github.com/rust-lang/crates.io-index"
checksum = "433e7ac7d511768127ed85b0c4947f47a254131e37864b2dc13f52aa32cd37e5"
dependencies = [
 "atty",
 "lazy_static",
 "winapi",
]

[[package]]
name = "constant_time_eq"
version = "0.1.4"
source = "registry+https://github.com/rust-lang/crates.io-index"
checksum = "995a44c877f9212528ccc74b21a232f66ad69001e40ede5bcee2ac9ef2657120"

[[package]]
name = "crossbeam"
version = "0.7.3"
source = "registry+https://github.com/rust-lang/crates.io-index"
checksum = "69323bff1fb41c635347b8ead484a5ca6c3f11914d784170b158d8449ab07f8e"
dependencies = [
 "cfg-if",
 "crossbeam-channel",
 "crossbeam-deque",
 "crossbeam-epoch",
 "crossbeam-queue",
 "crossbeam-utils 0.7.2",
]

[[package]]
name = "crossbeam-channel"
version = "0.4.2"
source = "registry+https://github.com/rust-lang/crates.io-index"
checksum = "cced8691919c02aac3cb0a1bc2e9b73d89e832bf9a06fc579d4e71b68a2da061"
dependencies = [
 "crossbeam-utils 0.7.2",
 "maybe-uninit",
]

[[package]]
name = "crossbeam-deque"
version = "0.7.2"
source = "registry+https://github.com/rust-lang/crates.io-index"
checksum = "c3aa945d63861bfe624b55d153a39684da1e8c0bc8fba932f7ee3a3c16cea3ca"
dependencies = [
 "crossbeam-epoch",
 "crossbeam-utils 0.7.2",
]

[[package]]
name = "crossbeam-epoch"
version = "0.8.0"
source = "registry+https://github.com/rust-lang/crates.io-index"
checksum = "5064ebdbf05ce3cb95e45c8b086f72263f4166b29b97f6baff7ef7fe047b55ac"
dependencies = [
 "autocfg 0.1.7",
 "cfg-if",
 "crossbeam-utils 0.7.2",
 "lazy_static",
 "memoffset",
 "scopeguard",
]

[[package]]
name = "crossbeam-queue"
version = "0.2.0"
source = "registry+https://github.com/rust-lang/crates.io-index"
checksum = "dfd6515864a82d2f877b42813d4553292c6659498c9a2aa31bab5a15243c2700"
dependencies = [
 "crossbeam-utils 0.7.2",
]

[[package]]
name = "crossbeam-utils"
version = "0.6.6"
source = "registry+https://github.com/rust-lang/crates.io-index"
checksum = "04973fa96e96579258a5091af6003abde64af786b860f18622b82e026cca60e6"
dependencies = [
 "cfg-if",
 "lazy_static",
]

[[package]]
name = "crossbeam-utils"
version = "0.7.2"
source = "registry+https://github.com/rust-lang/crates.io-index"
checksum = "c3c7c73a2d1e9fc0886a08b93e98eb643461230d5f1925e4036204d5f2e261a8"
dependencies = [
 "autocfg 1.0.0",
 "cfg-if",
 "lazy_static",
]

[[package]]
name = "daemonize"
version = "0.4.1"
source = "registry+https://github.com/rust-lang/crates.io-index"
checksum = "70c24513e34f53b640819f0ac9f705b673fcf4006d7aab8778bee72ebfc89815"
dependencies = [
 "boxfnonce",
 "libc",
]

[[package]]
name = "dbus"
version = "0.6.5"
source = "registry+https://github.com/rust-lang/crates.io-index"
checksum = "48b5f0f36f1eebe901b0e6bee369a77ed3396334bf3f09abd46454a576f71819"
dependencies = [
 "libc",
 "libdbus-sys",
]

[[package]]
name = "dirs"
version = "1.0.5"
source = "registry+https://github.com/rust-lang/crates.io-index"
checksum = "3fd78930633bd1c6e35c4b42b1df7b0cbc6bc191146e512bb3bedf243fcc3901"
dependencies = [
 "libc",
 "redox_users",
 "winapi",
]

[[package]]
name = "failure"
version = "0.1.6"
source = "registry+https://github.com/rust-lang/crates.io-index"
checksum = "f8273f13c977665c5db7eb2b99ae520952fe5ac831ae4cd09d80c4c7042b5ed9"
dependencies = [
 "backtrace",
 "failure_derive",
]

[[package]]
name = "failure_derive"
version = "0.1.6"
source = "registry+https://github.com/rust-lang/crates.io-index"
checksum = "0bc225b78e0391e4b8683440bf2e63c2deeeb2ce5189eab46e2b68c6d3725d08"
dependencies = [
 "proc-macro2",
 "quote",
 "syn",
 "synstructure",
]

[[package]]
name = "fuchsia-cprng"
version = "0.1.1"
source = "registry+https://github.com/rust-lang/crates.io-index"
checksum = "a06f77d526c1a601b7c4cdd98f54b5eaabffc14d5f2f0296febdc7f357c6d3ba"

[[package]]
name = "futures-channel"
version = "0.3.1"
source = "registry+https://github.com/rust-lang/crates.io-index"
checksum = "fcae98ca17d102fd8a3603727b9259fcf7fa4239b603d2142926189bc8999b86"
dependencies = [
 "futures-core",
]

[[package]]
name = "futures-core"
version = "0.3.1"
source = "registry+https://github.com/rust-lang/crates.io-index"
checksum = "79564c427afefab1dfb3298535b21eda083ef7935b4f0ecbfcb121f0aec10866"

[[package]]
name = "futures-executor"
version = "0.3.1"
source = "registry+https://github.com/rust-lang/crates.io-index"
checksum = "1e274736563f686a837a0568b478bdabfeaec2dca794b5649b04e2fe1627c231"
dependencies = [
 "futures-core",
 "futures-task",
 "futures-util",
]

[[package]]
name = "futures-macro"
version = "0.3.1"
source = "registry+https://github.com/rust-lang/crates.io-index"
checksum = "52e7c56c15537adb4f76d0b7a76ad131cb4d2f4f32d3b0bcabcbe1c7c5e87764"
dependencies = [
 "proc-macro-hack",
 "proc-macro2",
 "quote",
 "syn",
]

[[package]]
name = "futures-task"
version = "0.3.21"
source = "registry+https://github.com/rust-lang/crates.io-index"
checksum = "57c66a976bf5909d801bbef33416c41372779507e7a6b3a5e25e4749c58f776a"

[[package]]
name = "futures-util"
version = "0.3.1"
source = "registry+https://github.com/rust-lang/crates.io-index"
checksum = "c0d66274fb76985d3c62c886d1da7ac4c0903a8c9f754e8fe0f35a6a6cc39e76"
dependencies = [
 "futures-core",
 "futures-macro",
 "futures-task",
 "pin-utils",
 "proc-macro-hack",
 "proc-macro-nested",
 "slab",
]

[[package]]
name = "getrandom"
version = "0.1.13"
source = "registry+https://github.com/rust-lang/crates.io-index"
checksum = "e7db7ca94ed4cd01190ceee0d8a8052f08a247aa1b469a7f68c6a3b71afcf407"
dependencies = [
 "cfg-if",
 "libc",
 "wasi",
]

[[package]]
name = "gio-sys"
version = "0.9.0"
source = "git+https://github.com/gtk-rs/sys#94a8fcf7119c380e27510f1bef4c546964804ef8"
dependencies = [
 "glib-sys",
 "gobject-sys",
 "libc",
 "pkg-config",
]

[[package]]
name = "glib"
version = "0.8.0"
source = "git+https://github.com/gtk-rs/glib#58945b43be2875cb883b9b58ac562fe1aa1b673d"
dependencies = [
 "bitflags",
 "futures-channel",
 "futures-core",
 "futures-executor",
 "futures-task",
 "futures-util",
 "glib-sys",
 "gobject-sys",
 "lazy_static",
 "libc",
]

[[package]]
name = "glib-sys"
version = "0.9.0"
source = "git+https://github.com/gtk-rs/sys#94a8fcf7119c380e27510f1bef4c546964804ef8"
dependencies = [
 "libc",
 "pkg-config",
]

[[package]]
name = "gobject-sys"
version = "0.9.0"
source = "git+https://github.com/gtk-rs/sys#94a8fcf7119c380e27510f1bef4c546964804ef8"
dependencies = [
 "glib-sys",
 "libc",
 "pkg-config",
]

[[package]]
name = "lazy_static"
version = "1.4.0"
source = "registry+https://github.com/rust-lang/crates.io-index"
checksum = "e2abad23fbc42b3700f2f279844dc832adb2b2eb069b2df918f455c4e18cc646"

[[package]]
name = "libc"
version = "0.2.67"
source = "registry+https://github.com/rust-lang/crates.io-index"
checksum = "eb147597cdf94ed43ab7a9038716637d2d1bf2bc571da995d0028dec06bd3018"

[[package]]
name = "libdbus-sys"
version = "0.2.1"
source = "registry+https://github.com/rust-lang/crates.io-index"
checksum = "dc12a3bc971424edbbf7edaf6e5740483444db63aa8e23d3751ff12a30f306f0"
dependencies = [
 "pkg-config",
]

[[package]]
name = "log"
version = "0.4.8"
source = "registry+https://github.com/rust-lang/crates.io-index"
checksum = "14b6052be84e6b71ab17edffc2eeabf5c2c3ae1fdb464aae35ac50c67a44e1f7"
dependencies = [
 "cfg-if",
]

[[package]]
name = "mac-notification-sys"
version = "0.3.0"
source = "registry+https://github.com/rust-lang/crates.io-index"
checksum = "3dfb6b71a9a89cd38b395d994214297447e8e63b1ba5708a9a2b0b1048ceda76"
dependencies = [
 "cc",
 "chrono",
 "dirs",
 "objc-foundation",
]

[[package]]
name = "malloc_buf"
version = "0.0.6"
source = "registry+https://github.com/rust-lang/crates.io-index"
checksum = "62bb907fe88d54d8d9ce32a3cceab4218ed2f6b7d35617cafe9adf84e43919cb"
dependencies = [
 "libc",
]

[[package]]
name = "maybe-uninit"
version = "2.0.0"
source = "registry+https://github.com/rust-lang/crates.io-index"
checksum = "60302e4db3a61da70c0cb7991976248362f30319e88850c487b9b95bbf059e00"

[[package]]
name = "memoffset"
version = "0.5.3"
source = "registry+https://github.com/rust-lang/crates.io-index"
checksum = "75189eb85871ea5c2e2c15abbdd541185f63b408415e5051f5cac122d8c774b9"
dependencies = [
 "rustc_version",
]

[[package]]
name = "notify-rust"
version = "3.6.3"
source = "registry+https://github.com/rust-lang/crates.io-index"
checksum = "f8da29142be3f71b2165a6b3991c26045b674edbf04cdfc42f323094fc3e4b5a"
dependencies = [
 "dbus",
 "mac-notification-sys",
]

[[package]]
name = "num-integer"
version = "0.1.41"
source = "registry+https://github.com/rust-lang/crates.io-index"
checksum = "b85e541ef8255f6cf42bbfe4ef361305c6c135d10919ecc26126c4e5ae94bc09"
dependencies = [
 "autocfg 0.1.7",
 "num-traits",
]

[[package]]
name = "num-traits"
version = "0.2.9"
source = "registry+https://github.com/rust-lang/crates.io-index"
checksum = "443c53b3c3531dfcbfa499d8893944db78474ad7a1d87fa2d94d1a2231693ac6"
dependencies = [
 "autocfg 0.1.7",
]

[[package]]
name = "objc"
version = "0.2.7"
source = "registry+https://github.com/rust-lang/crates.io-index"
checksum = "915b1b472bc21c53464d6c8461c9d3af805ba1ef837e1cac254428f4a77177b1"
dependencies = [
 "malloc_buf",
]

[[package]]
name = "objc-foundation"
version = "0.1.1"
source = "registry+https://github.com/rust-lang/crates.io-index"
checksum = "1add1b659e36c9607c7aab864a76c7a4c2760cd0cd2e120f3fb8b952c7e22bf9"
dependencies = [
 "block",
 "objc",
 "objc_id",
]

[[package]]
name = "objc_id"
version = "0.1.1"
source = "registry+https://github.com/rust-lang/crates.io-index"
checksum = "c92d4ddb4bd7b50d730c215ff871754d0da6b2178849f8a2a2ab69712d0c073b"
dependencies = [
 "objc",
]

[[package]]
name = "pin-utils"
version = "0.1.0-alpha.4"
source = "registry+https://github.com/rust-lang/crates.io-index"
checksum = "5894c618ce612a3fa23881b152b608bafb8c56cfc22f434a3ba3120b40f7b587"

[[package]]
name = "pkg-config"
version = "0.3.17"
source = "registry+https://github.com/rust-lang/crates.io-index"
checksum = "05da548ad6865900e60eaba7f589cc0783590a92e940c26953ff81ddbab2d677"

[[package]]
name = "ppv-lite86"
version = "0.2.6"
source = "registry+https://github.com/rust-lang/crates.io-index"
checksum = "74490b50b9fbe561ac330df47c08f3f33073d2d00c150f719147d7c54522fa1b"

[[package]]
name = "proc-macro-hack"
version = "0.5.11"
source = "registry+https://github.com/rust-lang/crates.io-index"
checksum = "ecd45702f76d6d3c75a80564378ae228a85f0b59d2f3ed43c91b4a69eb2ebfc5"
dependencies = [
 "proc-macro2",
 "quote",
 "syn",
]

[[package]]
name = "proc-macro-nested"
version = "0.1.3"
source = "registry+https://github.com/rust-lang/crates.io-index"
checksum = "369a6ed065f249a159e06c45752c780bda2fb53c995718f9e484d08daa9eb42e"

[[package]]
name = "proc-macro2"
version = "1.0.6"
source = "registry+https://github.com/rust-lang/crates.io-index"
checksum = "9c9e470a8dc4aeae2dee2f335e8f533e2d4b347e1434e5671afc49b054592f27"
dependencies = [
 "unicode-xid",
]

[[package]]
name = "quote"
version = "1.0.2"
source = "registry+https://github.com/rust-lang/crates.io-index"
checksum = "053a8c8bcc71fcce321828dc897a98ab9760bef03a4fc36693c231e5b3216cfe"
dependencies = [
 "proc-macro2",
]

[[package]]
name = "rand"
version = "0.7.3"
source = "registry+https://github.com/rust-lang/crates.io-index"
checksum = "6a6b1679d49b24bbfe0c803429aa1874472f50d9b363131f0e89fc356b544d03"
dependencies = [
 "getrandom",
 "libc",
 "rand_chacha",
 "rand_core 0.5.1",
 "rand_hc",
]

[[package]]
name = "rand_chacha"
version = "0.2.1"
source = "registry+https://github.com/rust-lang/crates.io-index"
checksum = "03a2a90da8c7523f554344f921aa97283eadf6ac484a6d2a7d0212fa7f8d6853"
dependencies = [
 "c2-chacha",
 "rand_core 0.5.1",
]

[[package]]
name = "rand_core"
version = "0.3.1"
source = "registry+https://github.com/rust-lang/crates.io-index"
checksum = "7a6fdeb83b075e8266dcc8762c22776f6877a63111121f5f8c7411e5be7eed4b"
dependencies = [
 "rand_core 0.4.2",
]

[[package]]
name = "rand_core"
version = "0.4.2"
source = "registry+https://github.com/rust-lang/crates.io-index"
checksum = "9c33a3c44ca05fa6f1807d8e6743f3824e8509beca625669633be0acbdf509dc"

[[package]]
name = "rand_core"
version = "0.5.1"
source = "registry+https://github.com/rust-lang/crates.io-index"
checksum = "90bde5296fc891b0cef12a6d03ddccc162ce7b2aff54160af9338f8d40df6d19"
dependencies = [
 "getrandom",
]

[[package]]
name = "rand_hc"
version = "0.2.0"
source = "registry+https://github.com/rust-lang/crates.io-index"
checksum = "ca3129af7b92a17112d59ad498c6f81eaf463253766b90396d39ea7a39d6613c"
dependencies = [
 "rand_core 0.5.1",
]

[[package]]
name = "rand_os"
version = "0.1.3"
source = "registry+https://github.com/rust-lang/crates.io-index"
checksum = "7b75f676a1e053fc562eafbb47838d67c84801e38fc1ba459e8f180deabd5071"
dependencies = [
 "cloudabi",
 "fuchsia-cprng",
 "libc",
 "rand_core 0.4.2",
 "rdrand",
 "winapi",
]

[[package]]
name = "rdrand"
version = "0.4.0"
source = "registry+https://github.com/rust-lang/crates.io-index"
checksum = "678054eb77286b51581ba43620cc911abf02758c91f93f479767aed0f90458b2"
dependencies = [
 "rand_core 0.3.1",
]

[[package]]
name = "redox_syscall"
version = "0.1.56"
source = "registry+https://github.com/rust-lang/crates.io-index"
checksum = "2439c63f3f6139d1b57529d16bc3b8bb855230c8efcc5d3a896c8bea7c3b1e84"

[[package]]
name = "redox_users"
version = "0.3.1"
source = "registry+https://github.com/rust-lang/crates.io-index"
checksum = "4ecedbca3bf205f8d8f5c2b44d83cd0690e39ee84b951ed649e9f1841132b66d"
dependencies = [
 "failure",
 "rand_os",
 "redox_syscall",
 "rust-argon2",
]

[[package]]
name = "rust-argon2"
version = "0.5.1"
source = "registry+https://github.com/rust-lang/crates.io-index"
checksum = "4ca4eaef519b494d1f2848fc602d18816fed808a981aedf4f1f00ceb7c9d32cf"
dependencies = [
 "base64",
 "blake2b_simd",
 "crossbeam-utils 0.6.6",
]

[[package]]
name = "rustc-demangle"
version = "0.1.16"
source = "registry+https://github.com/rust-lang/crates.io-index"
checksum = "4c691c0e608126e00913e33f0ccf3727d5fc84573623b8d65b2df340b5201783"

[[package]]
name = "rustc_version"
version = "0.2.3"
source = "registry+https://github.com/rust-lang/crates.io-index"
checksum = "138e3e0acb6c9fb258b19b67cb8abd63c00679d2851805ea151465464fe9030a"
dependencies = [
 "semver",
]

[[package]]
name = "scopeguard"
version = "1.0.0"
source = "registry+https://github.com/rust-lang/crates.io-index"
checksum = "b42e15e59b18a828bbf5c58ea01debb36b9b096346de35d941dcb89009f24a0d"

[[package]]
name = "semver"
version = "0.9.0"
source = "registry+https://github.com/rust-lang/crates.io-index"
checksum = "1d7eb9ef2c18661902cc47e535f9bc51b78acd254da71d375c2f6720d9a40403"
dependencies = [
 "semver-parser",
]

[[package]]
name = "semver-parser"
version = "0.7.0"
source = "registry+https://github.com/rust-lang/crates.io-index"
checksum = "388a1df253eca08550bef6c72392cfe7c30914bf41df5269b68cbd6ff8f570a3"

[[package]]
name = "simple_logger"
version = "1.6.0"
source = "registry+https://github.com/rust-lang/crates.io-index"
checksum = "fea0c4611f32f4c2bac73754f22dca1f57e6c1945e0590dae4e5f2a077b92367"
dependencies = [
 "atty",
 "chrono",
 "colored",
 "log",
 "winapi",
]

[[package]]
name = "slab"
version = "0.4.2"
source = "registry+https://github.com/rust-lang/crates.io-index"
checksum = "c111b5bd5695e56cffe5129854aa230b39c93a305372fdbb2668ca2394eea9f8"

[[package]]
name = "strsim"
version = "0.8.0"
source = "registry+https://github.com/rust-lang/crates.io-index"
checksum = "8ea5119cdb4c55b55d432abb513a0429384878c15dde60cc77b1c99de1a95a6a"

[[package]]
name = "syn"
version = "1.0.8"
source = "registry+https://github.com/rust-lang/crates.io-index"
checksum = "661641ea2aa15845cddeb97dad000d22070bb5c1fb456b96c1cba883ec691e92"
dependencies = [
 "proc-macro2",
 "quote",
 "unicode-xid",
]

[[package]]
name = "synstructure"
version = "0.12.3"
source = "registry+https://github.com/rust-lang/crates.io-index"
checksum = "67656ea1dc1b41b1451851562ea232ec2e5a80242139f7e679ceccfb5d61f545"
dependencies = [
 "proc-macro2",
 "quote",
 "syn",
 "unicode-xid",
]

[[package]]
name = "textwrap"
version = "0.11.0"
source = "registry+https://github.com/rust-lang/crates.io-index"
checksum = "d326610f408c7a4eb6f51c37c330e496b08506c9457c9d34287ecc38809fb060"
dependencies = [
 "unicode-width",
]

[[package]]
name = "time"
version = "0.1.42"
source = "registry+https://github.com/rust-lang/crates.io-index"
checksum = "db8dcfca086c1143c9270ac42a2bbd8a7ee477b78ac8e45b19abfb0cbede4b6f"
dependencies = [
 "libc",
 "redox_syscall",
 "winapi",
]

[[package]]
name = "tow"
version = "0.0.2"
dependencies = [
 "atspi",
 "clap",
 "crossbeam",
 "crossbeam-channel",
 "crossbeam-utils 0.7.2",
 "daemonize",
 "glib",
 "glib-sys",
 "gobject-sys",
 "libc",
 "log",
 "notify-rust",
 "rand",
 "simple_logger",
 "xcb",
]

[[package]]
name = "unicode-width"
version = "0.1.6"
source = "registry+https://github.com/rust-lang/crates.io-index"
checksum = "7007dbd421b92cc6e28410fe7362e2e0a2503394908f417b68ec8d1c364c4e20"

[[package]]
name = "unicode-xid"
version = "0.2.0"
source = "registry+https://github.com/rust-lang/crates.io-index"
checksum = "826e7639553986605ec5979c7dd957c7895e93eabed50ab2ffa7f6128a75097c"

[[package]]
name = "vec_map"
version = "0.8.1"
source = "registry+https://github.com/rust-lang/crates.io-index"
checksum = "05c78687fb1a80548ae3250346c3db86a80a7cdd77bda190189f2d0a0987c81a"

[[package]]
name = "wasi"
version = "0.7.0"
source = "registry+https://github.com/rust-lang/crates.io-index"
checksum = "b89c3ce4ce14bdc6fb6beaf9ec7928ca331de5df7e5ea278375642a2f478570d"

[[package]]
name = "winapi"
version = "0.3.8"
source = "registry+https://github.com/rust-lang/crates.io-index"
checksum = "8093091eeb260906a183e6ae1abdba2ef5ef2257a21801128899c3fc699229c6"
dependencies = [
 "winapi-i686-pc-windows-gnu",
 "winapi-x86_64-pc-windows-gnu",
]

[[package]]
name = "winapi-i686-pc-windows-gnu"
version = "0.4.0"
source = "registry+https://github.com/rust-lang/crates.io-index"
checksum = "ac3b87c63620426dd9b991e5ce0329eff545bccbbb34f3be09ff6fb6ab51b7b6"

[[package]]
name = "winapi-x86_64-pc-windows-gnu"
version = "0.4.0"
source = "registry+https://github.com/rust-lang/crates.io-index"
checksum = "712e227841d057c1ee1cd2fb22fa7e5a5461ae8e48fa2ca79ec42cfc1931183f"

[[package]]
name = "xcb"
version = "0.9.0"
source = "git+https://github.com/rtbo/rust-xcb#69a9d0126d40e7e3a9b354c07fbf31a81443b105"
dependencies = [
 "libc",
 "log",
]
